<?xml version="1.0" encoding="utf-8"?>
<Project ToolsVersion="4.0" xmlns="http://schemas.microsoft.com/developer/msbuild/2003">
  <ItemGroup>
    <Filter Include="Source Files">
      <UniqueIdentifier>{4FC737F1-C7A5-4376-A066-2A32D752A2FF}</UniqueIdentifier>
      <Extensions>cpp;c;cc;cxx;c++;cppm;ixx;def;odl;idl;hpj;bat;asm;asmx</Extensions>
    </Filter>
    <Filter Include="Header Files">
      <UniqueIdentifier>{93995380-89BD-4b04-88EB-625FBE52EBFB}</UniqueIdentifier>
      <Extensions>h;hh;hpp;hxx;h++;hm;inl;inc;ipp;xsd</Extensions>
    </Filter>
    <Filter Include="Header Files\Core">
      <UniqueIdentifier>{62362f76-9bf0-4af9-b279-5d7bd3b24c8e}</UniqueIdentifier>
    </Filter>
    <Filter Include="Header Files\UI">
      <UniqueIdentifier>{a1dd3234-a50e-4fc6-90d0-60fd97ddd0c6}</UniqueIdentifier>
    </Filter>
    <Filter Include="Header Files\Themes">
      <UniqueIdentifier>{380f0d8e-015d-4c36-8969-c8f488247f58}</UniqueIdentifier>
    </Filter>
    <Filter Include="Header Files\Utils">
      <UniqueIdentifier>{fa13227e-fbce-4149-9bdc-3e1a38e9cb92}</UniqueIdentifier>
    </Filter>
    <Filter Include="Header Files\UI\Controls">
      <UniqueIdentifier>{ecfe60b6-8d1d-4f96-b10b-743451ab512a}</UniqueIdentifier>
    </Filter>
  </ItemGroup>
  <ItemGroup>
    <ClInclude Include="AppController.h">
      <Filter>Header Files\Core</Filter>
    </ClInclude>
    <ClInclude Include="RciClient.h">
      <Filter>Header Files\Core</Filter>
    </ClInclude>
    <ClInclude Include="PrinterModel.h">
      <Filter>Header Files\Core</Filter>
    </ClInclude>
    <ClInclude Include="UIManager.h">
      <Filter>Header Files\UI</Filter>
    </ClInclude>
    <ClInclude Include="WindowManager.h">
      <Filter>Header Files\UI</Filter>
    </ClInclude>
    <ClInclude Include="MessageDef.h">
      <Filter>Header Files\UI</Filter>
    </ClInclude>
    <ClInclude Include="ModernButton.h">
      <Filter>Header Files\UI\Controls</Filter>
    </ClInclude>
    <ClInclude Include="ToggleSwitch.h">
      <Filter>Header Files\UI\Controls</Filter>
    </ClInclude>
    <ClInclude Include="MessageLogger.h">
      <Filter>Header Files\UI\Controls</Filter>
    </ClInclude>
    <ClInclude Include="ColorScheme.h">
      <Filter>Header Files\Themes</Filter>
    </ClInclude>
    <ClInclude Include="FontManager.h">
      <Filter>Header Files\Themes</Filter>
    </ClInclude>
    <ClInclude Include="Logger.h">
      <Filter>Header Files\Utils</Filter>
    </ClInclude>
    <ClInclude Include="ThreadSafeQueue.h">
      <Filter>Header Files\Utils</Filter>
    </ClInclude>
    <ClInclude Include="CommonDefs.h">
      <Filter>Header Files\Utils</Filter>
    </ClInclude>
    <ClInclude Include="PrinterCore.h">
      <Filter>Header Files\Core</Filter>
    </ClInclude>
    <ClInclude Include="RequestQueue.h">
      <Filter>Header Files\Core</Filter>
    </ClInclude>
    <ClInclude Include="CommonTypes.h">
      <Filter>Header Files\Utils</Filter>
    </ClInclude>
    <ClInclude Include="StateManager.h">
      <Filter>Header Files\Utils</Filter>
    </ClInclude>
    <ClInclude Include="ResourceTracker.h">
      <Filter>Header Files</Filter>
    </ClInclude>
  </ItemGroup>
  <ItemGroup>
    <ClCompile Include="main.cpp">
      <Filter>Source Files</Filter>
    </ClCompile>
    <ClCompile Include="AppController.cpp">
      <Filter>Header Files\Core</Filter>
    </ClCompile>
    <ClCompile Include="RciClient.cpp">
      <Filter>Header Files\Core</Filter>
    </ClCompile>
    <ClCompile Include="UIManager.cpp">
      <Filter>Header Files\UI</Filter>
    </ClCompile>
    <ClCompile Include="WindowManager.cpp">
      <Filter>Header Files\UI</Filter>
    </ClCompile>
    <ClCompile Include="ModernButton.cpp">
      <Filter>Header Files\UI\Controls</Filter>
    </ClCompile>
    <ClCompile Include="ToggleSwitch.cpp">
      <Filter>Header Files\UI\Controls</Filter>
    </ClCompile>
    <ClCompile Include="MessageLogger.cpp">
      <Filter>Header Files\UI\Controls</Filter>
    </ClCompile>
    <ClCompile Include="PrinterCore.cpp">
      <Filter>Source Files</Filter>
    </ClCompile>
  </ItemGroup>
</Project>